
Microsoft Visual Studio Solution File, Format Version 12.00
# Visual Studio 15
VisualStudioVersion = 15.0.26403.0
MinimumVisualStudioVersion = 10.0.40219.1
Project("{FAE04EC0-301F-11D3-BF4B-00C04F79EFBC}") = "WaveEditor", "WaveEditor\WaveEditor.csproj", "{C678497C-32C9-4EBF-B0A9-5DBE48831C91}"
	ProjectSection(ProjectDependencies) = postProject
		{6FB83247-BD9B-4724-B77B-70C311A375F5} = {6FB83247-BD9B-4724-B77B-70C311A375F5}
		{4D52EF4D-A565-4225-AD21-6FA0CBD315CD} = {4D52EF4D-A565-4225-AD21-6FA0CBD315CD}
		{527950F3-C099-4CCD-A1AD-CEF2AA1B2D38} = {527950F3-C099-4CCD-A1AD-CEF2AA1B2D38}
	EndProjectSection
EndProject
Project("{FAE04EC0-301F-11D3-BF4B-00C04F79EFBC}") = "TimeSeriesShared", "TimeSeriesShared\TimeSeriesShared.csproj", "{6FB83247-BD9B-4724-B77B-70C311A375F5}"
EndProject
Project("{8BC9CEB8-8B4A-11D0-8D11-00A0C91BC942}") = "InterpolationBasic", "InterpolationBasic\InterpolationBasic.vcxproj", "{527950F3-C099-4CCD-A1AD-CEF2AA1B2D38}"
EndProject
Project("{FAE04EC0-301F-11D3-BF4B-00C04F79EFBC}") = "NXWaveIO", "NXWaveIO\NXWaveIO.csproj", "{4D52EF4D-A565-4225-AD21-6FA0CBD315CD}"
EndProject
Global
	GlobalSection(SolutionConfigurationPlatforms) = preSolution
		Debug|Any CPU = Debug|Any CPU
		Debug|x64 = Debug|x64
		Debug|x86 = Debug|x86
		Release|Any CPU = Release|Any CPU
		Release|x64 = Release|x64
		Release|x86 = Release|x86
	EndGlobalSection
	GlobalSection(ProjectConfigurationPlatforms) = postSolution
		{C678497C-32C9-4EBF-B0A9-5DBE48831C91}.Debug|Any CPU.ActiveCfg = Debug|Any CPU
		{C678497C-32C9-4EBF-B0A9-5DBE48831C91}.Debug|Any CPU.Build.0 = Debug|Any CPU
		{C678497C-32C9-4EBF-B0A9-5DBE48831C91}.Debug|x64.ActiveCfg = Debug|x64
		{C678497C-32C9-4EBF-B0A9-5DBE48831C91}.Debug|x64.Build.0 = Debug|x64
		{C678497C-32C9-4EBF-B0A9-5DBE48831C91}.Debug|x86.ActiveCfg = Debug|x86
		{C678497C-32C9-4EBF-B0A9-5DBE48831C91}.Debug|x86.Build.0 = Debug|x86
		{C678497C-32C9-4EBF-B0A9-5DBE48831C91}.Release|Any CPU.ActiveCfg = Release|Any CPU
		{C678497C-32C9-4EBF-B0A9-5DBE48831C91}.Release|Any CPU.Build.0 = Release|Any CPU
		{C678497C-32C9-4EBF-B0A9-5DBE48831C91}.Release|x64.ActiveCfg = Release|Any CPU
		{C678497C-32C9-4EBF-B0A9-5DBE48831C91}.Release|x64.Build.0 = Release|Any CPU
		{C678497C-32C9-4EBF-B0A9-5DBE48831C91}.Release|x86.ActiveCfg = Release|x86
		{C678497C-32C9-4EBF-B0A9-5DBE48831C91}.Release|x86.Build.0 = Release|x86
		{6FB83247-BD9B-4724-B77B-70C311A375F5}.Debug|Any CPU.ActiveCfg = Debug|Any CPU
		{6FB83247-BD9B-4724-B77B-70C311A375F5}.Debug|Any CPU.Build.0 = Debug|Any CPU
		{6FB83247-BD9B-4724-B77B-70C311A375F5}.Debug|x64.ActiveCfg = Debug|x64
		{6FB83247-BD9B-4724-B77B-70C311A375F5}.Debug|x64.Build.0 = Debug|x64
		{6FB83247-BD9B-4724-B77B-70C311A375F5}.Debug|x86.ActiveCfg = Debug|x86
		{6FB83247-BD9B-4724-B77B-70C311A375F5}.Debug|x86.Build.0 = Debug|x86
		{6FB83247-BD9B-4724-B77B-70C311A375F5}.Release|Any CPU.ActiveCfg = Release|Any CPU
		{6FB83247-BD9B-4724-B77B-70C311A375F5}.Release|Any CPU.Build.0 = Release|Any CPU
		{6FB83247-BD9B-4724-B77B-70C311A375F5}.Release|x64.ActiveCfg = Release|Any CPU
		{6FB83247-BD9B-4724-B77B-70C311A375F5}.Release|x64.Build.0 = Release|Any CPU
		{6FB83247-BD9B-4724-B77B-70C311A375F5}.Release|x86.ActiveCfg = Release|x86
		{6FB83247-BD9B-4724-B77B-70C311A375F5}.Release|x86.Build.0 = Release|x86
		{527950F3-C099-4CCD-A1AD-CEF2AA1B2D38}.Debug|Any CPU.ActiveCfg = Debug|Win32
		{527950F3-C099-4CCD-A1AD-CEF2AA1B2D38}.Debug|Any CPU.Build.0 = Debug|Win32
		{527950F3-C099-4CCD-A1AD-CEF2AA1B2D38}.Debug|x64.ActiveCfg = Debug|x64
		{527950F3-C099-4CCD-A1AD-CEF2AA1B2D38}.Debug|x64.Build.0 = Debug|x64
		{527950F3-C099-4CCD-A1AD-CEF2AA1B2D38}.Debug|x86.ActiveCfg = Debug|Win32
		{527950F3-C099-4CCD-A1AD-CEF2AA1B2D38}.Debug|x86.Build.0 = Debug|Win32
		{527950F3-C099-4CCD-A1AD-CEF2AA1B2D38}.Release|Any CPU.ActiveCfg = Release|Win32
		{527950F3-C099-4CCD-A1AD-CEF2AA1B2D38}.Release|x64.ActiveCfg = Release|x64
		{527950F3-C099-4CCD-A1AD-CEF2AA1B2D38}.Release|x64.Build.0 = Release|x64
		{527950F3-C099-4CCD-A1AD-CEF2AA1B2D38}.Release|x86.ActiveCfg = Release|Win32
		{527950F3-C099-4CCD-A1AD-CEF2AA1B2D38}.Release|x86.Build.0 = Release|Win32
		{4D52EF4D-A565-4225-AD21-6FA0CBD315CD}.Debug|Any CPU.ActiveCfg = Debug|Any CPU
		{4D52EF4D-A565-4225-AD21-6FA0CBD315CD}.Debug|Any CPU.Build.0 = Debug|Any CPU
		{4D52EF4D-A565-4225-AD21-6FA0CBD315CD}.Debug|x64.ActiveCfg = Debug|x64
		{4D52EF4D-A565-4225-AD21-6FA0CBD315CD}.Debug|x64.Build.0 = Debug|x64
		{4D52EF4D-A565-4225-AD21-6FA0CBD315CD}.Debug|x86.ActiveCfg = Debug|x86
		{4D52EF4D-A565-4225-AD21-6FA0CBD315CD}.Debug|x86.Build.0 = Debug|x86
		{4D52EF4D-A565-4225-AD21-6FA0CBD315CD}.Release|Any CPU.ActiveCfg = Release|Any CPU
		{4D52EF4D-A565-4225-AD21-6FA0CBD315CD}.Release|Any CPU.Build.0 = Release|Any CPU
		{4D52EF4D-A565-4225-AD21-6FA0CBD315CD}.Release|x64.ActiveCfg = Release|Any CPU
		{4D52EF4D-A565-4225-AD21-6FA0CBD315CD}.Release|x64.Build.0 = Release|Any CPU
		{4D52EF4D-A565-4225-AD21-6FA0CBD315CD}.Release|x86.ActiveCfg = Release|x86
		{4D52EF4D-A565-4225-AD21-6FA0CBD315CD}.Release|x86.Build.0 = Release|x86
	EndGlobalSection
	GlobalSection(SolutionProperties) = preSolution
		HideSolutionNode = FALSE
	EndGlobalSection
EndGlobal
